{
  "requires": true,
  "lockfileVersion": 1,
  "dependencies": {
    "angular-password-strength-meter": {
      "version": "0.0.4",
      "resolved": "https://registry.npmjs.org/angular-password-strength-meter/-/angular-password-strength-meter-0.0.4.tgz",
      "integrity": "sha512-EPo0R5xPUST/q1hjEVnn5S2IIqPTfLkuTeYSJTKmas2lchADiiNOUw2g5CZGJy+Kn41m7fuW6kHt8EVD8jxgAQ==",
      "requires": {
        "tslib": "^1.9.0"
      }
    },
    "tslib": {
      "version": "1.9.3",
      "resolved": "https://registry.npmjs.org/tslib/-/tslib-1.9.3.tgz",
      "integrity": "sha512-4krF8scpejhaOgqzBEcGM7yDIEfi0/8+8zDRZhNZZ2kjmHJ4hv3zCbQWxoJGz1iw5U0Jl0nma13xzHXcncMavQ=="
    },
    "zxcvbn": {
      "version": "4.4.2",
      "resolved": "https://registry.npmjs.org/zxcvbn/-/zxcvbn-4.4.2.tgz",
      "integrity": "sha1-KOwXzwl0PtyrBW3dixsGJizHPDA="
    }
  }
}
